
Microsoft Visual Studio Solution File, Format Version 12.00
Project("{FAE04EC0-301F-11D3-BF4B-00C04F79EFBC}") = "EthanRushbrook.TempSense", "EthanRushbrook.TempSense\EthanRushbrook.TempSense.csproj", "{FA242544-444A-4C99-8E48-5AF1F430CA4A}"
EndProject
Project("{FAE04EC0-301F-11D3-BF4B-00C04F79EFBC}") = "EthanRushbrook.TempSense.SystemInterop", "EthanRushbrook.TempSense.SystemInterop\EthanRushbrook.TempSense.SystemInterop.csproj", "{82D7A7CC-DAAF-476B-BAF5-1831F007CF43}"
EndProject
Project("{FAE04EC0-301F-11D3-BF4B-00C04F79EFBC}") = "EthanRushbrook.TempSense.Client", "EthanRushbrook.TempSense.Client\EthanRushbrook.TempSense.Client.csproj", "{D4C09F5D-4E67-4AEC-BA38-FF63DD43C807}"
EndProject
Project("{FAE04EC0-301F-11D3-BF4B-00C04F79EFBC}") = "EthanRushbrook.TempSense.Contracts", "EthanRushbrook.TempSense.Contracts\EthanRushbrook.TempSense.Contracts.csproj", "{4EE0CF36-4306-4C01-93E6-5396450C0A31}"
EndProject
Global
	GlobalSection(SolutionConfigurationPlatforms) = preSolution
		Debug|Any CPU = Debug|Any CPU
		Release|Any CPU = Release|Any CPU
	EndGlobalSection
	GlobalSection(ProjectConfigurationPlatforms) = postSolution
		{FA242544-444A-4C99-8E48-5AF1F430CA4A}.Debug|Any CPU.ActiveCfg = Debug|Any CPU
		{FA242544-444A-4C99-8E48-5AF1F430CA4A}.Debug|Any CPU.Build.0 = Debug|Any CPU
		{FA242544-444A-4C99-8E48-5AF1F430CA4A}.Release|Any CPU.ActiveCfg = Release|Any CPU
		{FA242544-444A-4C99-8E48-5AF1F430CA4A}.Release|Any CPU.Build.0 = Release|Any CPU
		{82D7A7CC-DAAF-476B-BAF5-1831F007CF43}.Debug|Any CPU.ActiveCfg = Debug|Any CPU
		{82D7A7CC-DAAF-476B-BAF5-1831F007CF43}.Debug|Any CPU.Build.0 = Debug|Any CPU
		{82D7A7CC-DAAF-476B-BAF5-1831F007CF43}.Release|Any CPU.ActiveCfg = Release|Any CPU
		{82D7A7CC-DAAF-476B-BAF5-1831F007CF43}.Release|Any CPU.Build.0 = Release|Any CPU
		{D4C09F5D-4E67-4AEC-BA38-FF63DD43C807}.Debug|Any CPU.ActiveCfg = Debug|Any CPU
		{D4C09F5D-4E67-4AEC-BA38-FF63DD43C807}.Debug|Any CPU.Build.0 = Debug|Any CPU
		{D4C09F5D-4E67-4AEC-BA38-FF63DD43C807}.Release|Any CPU.ActiveCfg = Release|Any CPU
		{D4C09F5D-4E67-4AEC-BA38-FF63DD43C807}.Release|Any CPU.Build.0 = Release|Any CPU
		{4EE0CF36-4306-4C01-93E6-5396450C0A31}.Debug|Any CPU.ActiveCfg = Debug|Any CPU
		{4EE0CF36-4306-4C01-93E6-5396450C0A31}.Debug|Any CPU.Build.0 = Debug|Any CPU
		{4EE0CF36-4306-4C01-93E6-5396450C0A31}.Release|Any CPU.ActiveCfg = Release|Any CPU
		{4EE0CF36-4306-4C01-93E6-5396450C0A31}.Release|Any CPU.Build.0 = Release|Any CPU
	EndGlobalSection
EndGlobal
