
Microsoft Visual Studio Solution File, Format Version 12.00
Project("{FAE04EC0-301F-11D3-BF4B-00C04F79EFBC}") = "EthanRushbrook.TempSense", "EthanRushbrook.TempSense\EthanRushbrook.TempSense.csproj", "{FA242544-444A-4C99-8E48-5AF1F430CA4A}"
EndProject
Global
	GlobalSection(SolutionConfigurationPlatforms) = preSolution
		Debug|Any CPU = Debug|Any CPU
		Release|Any CPU = Release|Any CPU
	EndGlobalSection
	GlobalSection(ProjectConfigurationPlatforms) = postSolution
		{FA242544-444A-4C99-8E48-5AF1F430CA4A}.Debug|Any CPU.ActiveCfg = Debug|Any CPU
		{FA242544-444A-4C99-8E48-5AF1F430CA4A}.Debug|Any CPU.Build.0 = Debug|Any CPU
		{FA242544-444A-4C99-8E48-5AF1F430CA4A}.Release|Any CPU.ActiveCfg = Release|Any CPU
		{FA242544-444A-4C99-8E48-5AF1F430CA4A}.Release|Any CPU.Build.0 = Release|Any CPU
	EndGlobalSection
EndGlobal
